
Microsoft Visual Studio Solution File, Format Version 12.00
# Visual Studio Version 16
VisualStudioVersion = 16.0.29926.136
MinimumVisualStudioVersion = 10.0.40219.1
Project("{FAE04EC0-301F-11D3-BF4B-00C04F79EFBC}") = "PizzaPlace.Server", "Server\PizzaPlace.Server.csproj", "{1450A3DD-DECD-4619-AE49-981E302FCB30}"
EndProject
Project("{FAE04EC0-301F-11D3-BF4B-00C04F79EFBC}") = "PizzaPlace.Client", "Client\PizzaPlace.Client.csproj", "{67415A73-D8A2-44D5-BD4C-EC155599F125}"
EndProject
Project("{FAE04EC0-301F-11D3-BF4B-00C04F79EFBC}") = "PizzaPlace.Shared", "Shared\PizzaPlace.Shared.csproj", "{C2E0EFA0-58C3-4089-851E-E29B2DBCBCB4}"
EndProject
Global
	GlobalSection(SolutionConfigurationPlatforms) = preSolution
		Debug|Any CPU = Debug|Any CPU
		Release|Any CPU = Release|Any CPU
	EndGlobalSection
	GlobalSection(ProjectConfigurationPlatforms) = postSolution
		{1450A3DD-DECD-4619-AE49-981E302FCB30}.Debug|Any CPU.ActiveCfg = Debug|Any CPU
		{1450A3DD-DECD-4619-AE49-981E302FCB30}.Debug|Any CPU.Build.0 = Debug|Any CPU
		{1450A3DD-DECD-4619-AE49-981E302FCB30}.Release|Any CPU.ActiveCfg = Release|Any CPU
		{1450A3DD-DECD-4619-AE49-981E302FCB30}.Release|Any CPU.Build.0 = Release|Any CPU
		{67415A73-D8A2-44D5-BD4C-EC155599F125}.Debug|Any CPU.ActiveCfg = Debug|Any CPU
		{67415A73-D8A2-44D5-BD4C-EC155599F125}.Debug|Any CPU.Build.0 = Debug|Any CPU
		{67415A73-D8A2-44D5-BD4C-EC155599F125}.Release|Any CPU.ActiveCfg = Release|Any CPU
		{67415A73-D8A2-44D5-BD4C-EC155599F125}.Release|Any CPU.Build.0 = Release|Any CPU
		{C2E0EFA0-58C3-4089-851E-E29B2DBCBCB4}.Debug|Any CPU.ActiveCfg = Debug|Any CPU
		{C2E0EFA0-58C3-4089-851E-E29B2DBCBCB4}.Debug|Any CPU.Build.0 = Debug|Any CPU
		{C2E0EFA0-58C3-4089-851E-E29B2DBCBCB4}.Release|Any CPU.ActiveCfg = Release|Any CPU
		{C2E0EFA0-58C3-4089-851E-E29B2DBCBCB4}.Release|Any CPU.Build.0 = Release|Any CPU
	EndGlobalSection
	GlobalSection(SolutionProperties) = preSolution
		HideSolutionNode = FALSE
	EndGlobalSection
	GlobalSection(ExtensibilityGlobals) = postSolution
		SolutionGuid = {CF2D4AC2-9A23-4B94-B8BB-8B8DDB047E20}
	EndGlobalSection
EndGlobal
